// !$*UTF8*$!
{
	archiveVersion = 1;
	classes = {
	};
	objectVersion = 51;
	objects = {

/* Begin PBXBuildFile section */
		3F2517CE24D1ECFF00801810 /* GoogleService-Info.plist in Resources */ = {isa = PBXBuildFile; fileRef = 3F2517CD24D1ECFE00801810 /* GoogleService-Info.plist */; };
		3FBD620624D1D9C9009389C0 /* AppDelegate.swift in Sources */ = {isa = PBXBuildFile; fileRef = 3FBD620524D1D9C9009389C0 /* AppDelegate.swift */; };
		3FBD620824D1D9C9009389C0 /* SceneDelegate.swift in Sources */ = {isa = PBXBuildFile; fileRef = 3FBD620724D1D9C9009389C0 /* SceneDelegate.swift */; };
		3FBD620A24D1D9C9009389C0 /* ViewController.swift in Sources */ = {isa = PBXBuildFile; fileRef = 3FBD620924D1D9C9009389C0 /* ViewController.swift */; };
		3FBD620D24D1D9C9009389C0 /* Main.storyboard in Resources */ = {isa = PBXBuildFile; fileRef = 3FBD620B24D1D9C9009389C0 /* Main.storyboard */; };
		3FBD620F24D1DA0D009389C0 /* Assets.xcassets in Resources */ = {isa = PBXBuildFile; fileRef = 3FBD620E24D1DA0D009389C0 /* Assets.xcassets */; };
		3FBD621224D1DA0D009389C0 /* LaunchScreen.storyboard in Resources */ = {isa = PBXBuildFile; fileRef = 3FBD621024D1DA0D009389C0 /* LaunchScreen.storyboard */; };
		45600B0D896C40EC7EC26703 /* Pods_PhotoUploader_Firebase.framework in Frameworks */ = {isa = PBXBuildFile; fileRef = 2521EDF19B58295CC796C3DF /* Pods_PhotoUploader_Firebase.framework */; };
/* End PBXBuildFile section */

/* Begin PBXFileReference section */
		2521EDF19B58295CC796C3DF /* Pods_PhotoUploader_Firebase.framework */ = {isa = PBXFileReference; explicitFileType = wrapper.framework; includeInIndex = 0; path = Pods_PhotoUploader_Firebase.framework; sourceTree = BUILT_PRODUCTS_DIR; };
		384744F657F7380C45916321 /* Pods-PhotoUploader_Firebase.release.xcconfig */ = {isa = PBXFileReference; includeInIndex = 1; lastKnownFileType = text.xcconfig; name = "Pods-PhotoUploader_Firebase.release.xcconfig"; path = "Target Support Files/Pods-PhotoUploader_Firebase/Pods-PhotoUploader_Firebase.release.xcconfig"; sourceTree = "<group>"; };
		3F2517CD24D1ECFE00801810 /* GoogleService-Info.plist */ = {isa = PBXFileReference; fileEncoding = 4; lastKnownFileType = text.plist.xml; name = "GoogleService-Info.plist"; path = "../../../../../Downloads/GoogleService-Info.plist"; sourceTree = "<group>"; };
		3FBD620224D1D9C9009389C0 /* PhotoUploader_Firebase.app */ = {isa = PBXFileReference; explicitFileType = wrapper.application; includeInIndex = 0; path = PhotoUploader_Firebase.app; sourceTree = BUILT_PRODUCTS_DIR; };
		3FBD620524D1D9C9009389C0 /* AppDelegate.swift */ = {isa = PBXFileReference; lastKnownFileType = sourcecode.swift; path = AppDelegate.swift; sourceTree = "<group>"; };
		3FBD620724D1D9C9009389C0 /* SceneDelegate.swift */ = {isa = PBXFileReference; lastKnownFileType = sourcecode.swift; path = SceneDelegate.swift; sourceTree = "<group>"; };
		3FBD620924D1D9C9009389C0 /* ViewController.swift */ = {isa = PBXFileReference; lastKnownFileType = sourcecode.swift; path = ViewController.swift; sourceTree = "<group>"; };
		3FBD620C24D1D9C9009389C0 /* Base */ = {isa = PBXFileReference; lastKnownFileType = file.storyboard; name = Base; path = Base.lproj/Main.storyboard; sourceTree = "<group>"; };
		3FBD620E24D1DA0D009389C0 /* Assets.xcassets */ = {isa = PBXFileReference; lastKnownFileType = folder.assetcatalog; path = Assets.xcassets; sourceTree = "<group>"; };
		3FBD621124D1DA0D009389C0 /* Base */ = {isa = PBXFileReference; lastKnownFileType = file.storyboard; name = Base; path = Base.lproj/LaunchScreen.storyboard; sourceTree = "<group>"; };
		3FBD621324D1DA0D009389C0 /* Info.plist */ = {isa = PBXFileReference; lastKnownFileType = text.plist.xml; path = Info.plist; sourceTree = "<group>"; };
		6B97ACEAC3706E75B33A7FD4 /* Pods-PhotoUploader_Firebase.debug.xcconfig */ = {isa = PBXFileReference; includeInIndex = 1; lastKnownFileType = text.xcconfig; name = "Pods-PhotoUploader_Firebase.debug.xcconfig"; path = "Target Support Files/Pods-PhotoUploader_Firebase/Pods-PhotoUploader_Firebase.debug.xcconfig"; sourceTree = "<group>"; };
/* End PBXFileReference section */

/* Begin PBXFrameworksBuildPhase section */
		3FBD61FF24D1D9C9009389C0 /* Frameworks */ = {
			isa = PBXFrameworksBuildPhase;
			buildActionMask = 2147483647;
			files = (
				45600B0D896C40EC7EC26703 /* Pods_PhotoUploader_Firebase.framework in Frameworks */,
			);
			runOnlyForDeploymentPostprocessing = 0;
		};
/* End PBXFrameworksBuildPhase section */

/* Begin PBXGroup section */
		3FBD61F924D1D9C8009389C0 = {
			isa = PBXGroup;
			children = (
				3FBD620424D1D9C9009389C0 /* PhotoUploader_Firebase */,
				3FBD620324D1D9C9009389C0 /* Products */,
				7D87C2D082175C112E54F1D1 /* Pods */,
				C7BCBAF0B060303060629A9E /* Frameworks */,
			);
			sourceTree = "<group>";
		};
		3FBD620324D1D9C9009389C0 /* Products */ = {
			isa = PBXGroup;
			children = (
				3FBD620224D1D9C9009389C0 /* PhotoUploader_Firebase.app */,
			);
			name = Products;
			sourceTree = "<group>";
		};
		3FBD620424D1D9C9009389C0 /* PhotoUploader_Firebase */ = {
			isa = PBXGroup;
			children = (
				3FBD620524D1D9C9009389C0 /* AppDelegate.swift */,
				3FBD620724D1D9C9009389C0 /* SceneDelegate.swift */,
				3FBD620924D1D9C9009389C0 /* ViewController.swift */,
				3F2517CD24D1ECFE00801810 /* GoogleService-Info.plist */,
				3FBD620B24D1D9C9009389C0 /* Main.storyboard */,
				3FBD620E24D1DA0D009389C0 /* Assets.xcassets */,
				3FBD621024D1DA0D009389C0 /* LaunchScreen.storyboard */,
				3FBD621324D1DA0D009389C0 /* Info.plist */,
			);
			path = PhotoUploader_Firebase;
			sourceTree = "<group>";
		};
		7D87C2D082175C112E54F1D1 /* Pods */ = {
			isa = PBXGroup;
			children = (
				6B97ACEAC3706E75B33A7FD4 /* Pods-PhotoUploader_Firebase.debug.xcconfig */,
				384744F657F7380C45916321 /* Pods-PhotoUploader_Firebase.release.xcconfig */,
			);
			path = Pods;
			sourceTree = "<group>";
		};
		C7BCBAF0B060303060629A9E /* Frameworks */ = {
			isa = PBXGroup;
			children = (
				2521EDF19B58295CC796C3DF /* Pods_PhotoUploader_Firebase.framework */,
			);
			name = Frameworks;
			sourceTree = "<group>";
		};
/* End PBXGroup section */

/* Begin PBXNativeTarget section */
		3FBD620124D1D9C9009389C0 /* PhotoUploader_Firebase */ = {
			isa = PBXNativeTarget;
			buildConfigurationList = 3FBD621624D1DA0D009389C0 /* Build configuration list for PBXNativeTarget "PhotoUploader_Firebase" */;
			buildPhases = (
				2EB3E89F0B5F351BF6A2A436 /* [CP] Check Pods Manifest.lock */,
				3FBD61FE24D1D9C9009389C0 /* Sources */,
				3FBD61FF24D1D9C9009389C0 /* Frameworks */,
				3FBD620024D1D9C9009389C0 /* Resources */,
				C1BE9ACEB1F34DB5D1FCC0D6 /* [CP] Embed Pods Frameworks */,
			);
			buildRules = (
			);
			dependencies = (
			);
			name = PhotoUploader_Firebase;
			productName = PhotoUploader_Firebase;
			productReference = 3FBD620224D1D9C9009389C0 /* PhotoUploader_Firebase.app */;
			productType = "com.apple.product-type.application";
		};
/* End PBXNativeTarget section */

/* Begin PBXProject section */
		3FBD61FA24D1D9C8009389C0 /* Project object */ = {
			isa = PBXProject;
			attributes = {
				LastSwiftUpdateCheck = 1120;
				LastUpgradeCheck = 1120;
				ORGANIZATIONNAME = "BSAL-MAC";
				TargetAttributes = {
					3FBD620124D1D9C9009389C0 = {
						CreatedOnToolsVersion = 11.2;
					};
				};
			};
			buildConfigurationList = 3FBD61FD24D1D9C8009389C0 /* Build configuration list for PBXProject "PhotoUploader_Firebase" */;
			compatibilityVersion = "Xcode 9.3";
			developmentRegion = en;
			hasScannedForEncodings = 0;
			knownRegions = (
				en,
				Base,
			);
			mainGroup = 3FBD61F924D1D9C8009389C0;
			productRefGroup = 3FBD620324D1D9C9009389C0 /* Products */;
			projectDirPath = "";
			projectRoot = "";
			targets = (
				3FBD620124D1D9C9009389C0 /* PhotoUploader_Firebase */,
			);
		};
/* End PBXProject section */

/* Begin PBXResourcesBuildPhase section */
		3FBD620024D1D9C9009389C0 /* Resources */ = {
			isa = PBXResourcesBuildPhase;
			buildActionMask = 2147483647;
			files = (
				3FBD621224D1DA0D009389C0 /* LaunchScreen.storyboard in Resources */,
				3F2517CE24D1ECFF00801810 /* GoogleService-Info.plist in Resources */,
				3FBD620F24D1DA0D009389C0 /* Assets.xcassets in Resources */,
				3FBD620D24D1D9C9009389C0 /* Main.storyboard in Resources */,
			);
			runOnlyForDeploymentPostprocessing = 0;
		};
/* End PBXResourcesBuildPhase section */

/* Begin PBXShellScriptBuildPhase section */
		2EB3E89F0B5F351BF6A2A436 /* [CP] Check Pods Manifest.lock */ = {
			isa = PBXShellScriptBuildPhase;
			buildActionMask = 2147483647;
			files = (
			);
			inputFileListPaths = (
			);
			inputPaths = (
				"${PODS_PODFILE_DIR_PATH}/Podfile.lock",
				"${PODS_ROOT}/Manifest.lock",
			);
			name = "[CP] Check Pods Manifest.lock";
			outputFileListPaths = (
			);
			outputPaths = (
				"$(DERIVED_FILE_DIR)/Pods-PhotoUploader_Firebase-checkManifestLockResult.txt",
			);
			runOnlyForDeploymentPostprocessing = 0;
			shellPath = /bin/sh;
			shellScript = "diff \"${PODS_PODFILE_DIR_PATH}/Podfile.lock\" \"${PODS_ROOT}/Manifest.lock\" > /dev/null\nif [ $? != 0 ] ; then\n    # print error to STDERR\n    echo \"error: The sandbox is not in sync with the Podfile.lock. Run 'pod install' or update your CocoaPods installation.\" >&2\n    exit 1\nfi\n# This output is used by Xcode 'outputs' to avoid re-running this script phase.\necho \"SUCCESS\" > \"${SCRIPT_OUTPUT_FILE_0}\"\n";
			showEnvVarsInLog = 0;
		};
		C1BE9ACEB1F34DB5D1FCC0D6 /* [CP] Embed Pods Frameworks */ = {
			isa = PBXShellScriptBuildPhase;
			buildActionMask = 2147483647;
			files = (
			);
			inputFileListPaths = (
				"${PODS_ROOT}/Target Support Files/Pods-PhotoUploader_Firebase/Pods-PhotoUploader_Firebase-frameworks-${CONFIGURATION}-input-files.xcfilelist",
			);
			name = "[CP] Embed Pods Frameworks";
			outputFileListPaths = (
				"${PODS_ROOT}/Target Support Files/Pods-PhotoUploader_Firebase/Pods-PhotoUploader_Firebase-frameworks-${CONFIGURATION}-output-files.xcfilelist",
			);
			runOnlyForDeploymentPostprocessing = 0;
			shellPath = /bin/sh;
			shellScript = "\"${PODS_ROOT}/Target Support Files/Pods-PhotoUploader_Firebase/Pods-PhotoUploader_Firebase-frameworks.sh\"\n";
			showEnvVarsInLog = 0;
		};
/* End PBXShellScriptBuildPhase section */

/* Begin PBXSourcesBuildPhase section */
		3FBD61FE24D1D9C9009389C0 /* Sources */ = {
			isa = PBXSourcesBuildPhase;
			buildActionMask = 2147483647;
			files = (
				3FBD620A24D1D9C9009389C0 /* ViewController.swift in Sources */,
				3FBD620624D1D9C9009389C0 /* AppDelegate.swift in Sources */,
				3FBD620824D1D9C9009389C0 /* SceneDelegate.swift in Sources */,
			);
			runOnlyForDeploymentPostprocessing = 0;
		};
/* End PBXSourcesBuildPhase section */

/* Begin PBXVariantGroup section */
		3FBD620B24D1D9C9009389C0 /* Main.storyboard */ = {
			isa = PBXVariantGroup;
			children = (
				3FBD620C24D1D9C9009389C0 /* Base */,
			);
			name = Main.storyboard;
			sourceTree = "<group>";
		};
		3FBD621024D1DA0D009389C0 /* LaunchScreen.storyboard */ = {
			isa = PBXVariantGroup;
			children = (
				3FBD621124D1DA0D009389C0 /* Base */,
			);
			name = LaunchScreen.storyboard;
			sourceTree = "<group>";
		};
/* End PBXVariantGroup section */

/* Begin XCBuildConfiguration section */
		3FBD621424D1DA0D009389C0 /* Debug */ = {
			isa = XCBuildConfiguration;
			buildSettings = {
				ALWAYS_SEARCH_USER_PATHS = NO;
				CLANG_ANALYZER_NONNULL = YES;
				CLANG_ANALYZER_NUMBER_OBJECT_CONVERSION = YES_AGGRESSIVE;
				CLANG_CXX_LANGUAGE_STANDARD = "gnu++14";
				CLANG_CXX_LIBRARY = "libc++";
				CLANG_ENABLE_MODULES = YES;
				CLANG_ENABLE_OBJC_ARC = YES;
				CLANG_ENABLE_OBJC_WEAK = YES;
				CLANG_WARN_BLOCK_CAPTURE_AUTORELEASING = YES;
				CLANG_WARN_BOOL_CONVERSION = YES;
				CLANG_WARN_COMMA = YES;
				CLANG_WARN_CONSTANT_CONVERSION = YES;
				CLANG_WARN_DEPRECATED_OBJC_IMPLEMENTATIONS = YES;
				CLANG_WARN_DIRECT_OBJC_ISA_USAGE = YES_ERROR;
				CLANG_WARN_DOCUMENTATION_COMMENTS = YES;
				CLANG_WARN_EMPTY_BODY = YES;
				CLANG_WARN_ENUM_CONVERSION = YES;
				CLANG_WARN_INFINITE_RECURSION = YES;
				CLANG_WARN_INT_CONVERSION = YES;
				CLANG_WARN_NON_LITERAL_NULL_CONVERSION = YES;
				CLANG_WARN_OBJC_IMPLICIT_RETAIN_SELF = YES;
				CLANG_WARN_OBJC_LITERAL_CONVERSION = YES;
				CLANG_WARN_OBJC_ROOT_CLASS = YES_ERROR;
				CLANG_WARN_RANGE_LOOP_ANALYSIS = YES;
				CLANG_WARN_STRICT_PROTOTYPES = YES;
				CLANG_WARN_SUSPICIOUS_MOVE = YES;
				CLANG_WARN_UNGUARDED_AVAILABILITY = YES_AGGRESSIVE;
				CLANG_WARN_UNREACHABLE_CODE = YES;
				CLANG_WARN__DUPLICATE_METHOD_MATCH = YES;
				COPY_PHASE_STRIP = NO;
				DEBUG_INFORMATION_FORMAT = dwarf;
				ENABLE_STRICT_OBJC_MSGSEND = YES;
				ENABLE_TESTABILITY = YES;
				GCC_C_LANGUAGE_STANDARD = gnu11;
				GCC_DYNAMIC_NO_PIC = NO;
				GCC_NO_COMMON_BLOCKS = YES;
				GCC_OPTIMIZATION_LEVEL = 0;
				GCC_PREPROCESSOR_DEFINITIONS = (
					"DEBUG=1",
					"$(inherited)",
				);
				GCC_WARN_64_TO_32_BIT_CONVERSION = YES;
				GCC_WARN_ABOUT_RETURN_TYPE = YES_ERROR;
				GCC_WARN_UNDECLARED_SELECTOR = YES;
				GCC_WARN_UNINITIALIZED_AUTOS = YES_AGGRESSIVE;
				GCC_WARN_UNUSED_FUNCTION = YES;
				GCC_WARN_UNUSED_VARIABLE = YES;
				IPHONEOS_DEPLOYMENT_TARGET = 13.2;
				MTL_ENABLE_DEBUG_INFO = INCLUDE_SOURCE;
				MTL_FAST_MATH = YES;
				ONLY_ACTIVE_ARCH = YES;
				SDKROOT = iphoneos;
				SWIFT_ACTIVE_COMPILATION_CONDITIONS = DEBUG;
				SWIFT_OPTIMIZATION_LEVEL = "-Onone";
			};
			name = Debug;
		};
		3FBD621524D1DA0D009389C0 /* Release */ = {
			isa = XCBuildConfiguration;
			buildSettings = {
				ALWAYS_SEARCH_USER_PATHS = NO;
				CLANG_ANALYZER_NONNULL = YES;
				CLANG_ANALYZER_NUMBER_OBJECT_CONVERSION = YES_AGGRESSIVE;
				CLANG_CXX_LANGUAGE_STANDARD = "gnu++14";
				CLANG_CXX_LIBRARY = "libc++";
				CLANG_ENABLE_MODULES = YES;
				CLANG_ENABLE_OBJC_ARC = YES;
				CLANG_ENABLE_OBJC_WEAK = YES;
				CLANG_WARN_BLOCK_CAPTURE_AUTORELEASING = YES;
				CLANG_WARN_BOOL_CONVERSION = YES;
				CLANG_WARN_COMMA = YES;
				CLANG_WARN_CONSTANT_CONVERSION = YES;
				CLANG_WARN_DEPRECATED_OBJC_IMPLEMENTATIONS = YES;
				CLANG_WARN_DIRECT_OBJC_ISA_USAGE = YES_ERROR;
				CLANG_WARN_DOCUMENTATION_COMMENTS = YES;
				CLANG_WARN_EMPTY_BODY = YES;
				CLANG_WARN_ENUM_CONVERSION = YES;
				CLANG_WARN_INFINITE_RECURSION = YES;
				CLANG_WARN_INT_CONVERSION = YES;
				CLANG_WARN_NON_LITERAL_NULL_CONVERSION = YES;
				CLANG_WARN_OBJC_IMPLICIT_RETAIN_SELF = YES;
				CLANG_WARN_OBJC_LITERAL_CONVERSION = YES;
				CLANG_WARN_OBJC_ROOT_CLASS = YES_ERROR;
				CLANG_WARN_RANGE_LOOP_ANALYSIS = YES;
				CLANG_WARN_STRICT_PROTOTYPES = YES;
				CLANG_WARN_SUSPICIOUS_MOVE = YES;
				CLANG_WARN_UNGUARDED_AVAILABILITY = YES_AGGRESSIVE;
				CLANG_WARN_UNREACHABLE_CODE = YES;
				CLANG_WARN__DUPLICATE_METHOD_MATCH = YES;
				COPY_PHASE_STRIP = NO;
				DEBUG_INFORMATION_FORMAT = "dwarf-with-dsym";
				ENABLE_NS_ASSERTIONS = NO;
				ENABLE_STRICT_OBJC_MSGSEND = YES;
				GCC_C_LANGUAGE_STANDARD = gnu11;
				GCC_NO_COMMON_BLOCKS = YES;
				GCC_WARN_64_TO_32_BIT_CONVERSION = YES;
				GCC_WARN_ABOUT_RETURN_TYPE = YES_ERROR;
				GCC_WARN_UNDECLARED_SELECTOR = YES;
				GCC_WARN_UNINITIALIZED_AUTOS = YES_AGGRESSIVE;
				GCC_WARN_UNUSED_FUNCTION = YES;
				GCC_WARN_UNUSED_VARIABLE = YES;
				IPHONEOS_DEPLOYMENT_TARGET = 13.2;
				MTL_ENABLE_DEBUG_INFO = NO;
				MTL_FAST_MATH = YES;
				SDKROOT = iphoneos;
				SWIFT_COMPILATION_MODE = wholemodule;
				SWIFT_OPTIMIZATION_LEVEL = "-O";
				VALIDATE_PRODUCT = YES;
			};
			name = Release;
		};
		3FBD621724D1DA0D009389C0 /* Debug */ = {
			isa = XCBuildConfiguration;
			baseConfigurationReference = 6B97ACEAC3706E75B33A7FD4 /* Pods-PhotoUploader_Firebase.debug.xcconfig */;
			buildSettings = {
				ASSETCATALOG_COMPILER_APPICON_NAME = AppIcon;
				CODE_SIGN_STYLE = Automatic;
				DEVELOPMENT_TEAM = 3KU2VG7M96;
				INFOPLIST_FILE = PhotoUploader_Firebase/Info.plist;
				LD_RUNPATH_SEARCH_PATHS = (
					"$(inherited)",
					"@executable_path/Frameworks",
				);
				PRODUCT_BUNDLE_IDENTIFIER = "shree.vsal55555.PhotoUploader-Firebase";
				PRODUCT_NAME = "$(TARGET_NAME)";
				SWIFT_VERSION = 5.0;
				TARGETED_DEVICE_FAMILY = "1,2";
			};
			name = Debug;
		};
		3FBD621824D1DA0D009389C0 /* Release */ = {
			isa = XCBuildConfiguration;
			baseConfigurationReference = 384744F657F7380C45916321 /* Pods-PhotoUploader_Firebase.release.xcconfig */;
			buildSettings = {
				ASSETCATALOG_COMPILER_APPICON_NAME = AppIcon;
				CODE_SIGN_STYLE = Automatic;
				DEVELOPMENT_TEAM = 3KU2VG7M96;
				INFOPLIST_FILE = PhotoUploader_Firebase/Info.plist;
				LD_RUNPATH_SEARCH_PATHS = (
					"$(inherited)",
					"@executable_path/Frameworks",
				);
				PRODUCT_BUNDLE_IDENTIFIER = "shree.vsal55555.PhotoUploader-Firebase";
				PRODUCT_NAME = "$(TARGET_NAME)";
				SWIFT_VERSION = 5.0;
				TARGETED_DEVICE_FAMILY = "1,2";
			};
			name = Release;
		};
/* End XCBuildConfiguration section */

/* Begin XCConfigurationList section */
		3FBD61FD24D1D9C8009389C0 /* Build configuration list for PBXProject "PhotoUploader_Firebase" */ = {
			isa = XCConfigurationList;
			buildConfigurations = (
				3FBD621424D1DA0D009389C0 /* Debug */,
				3FBD621524D1DA0D009389C0 /* Release */,
			);
			defaultConfigurationIsVisible = 0;
			defaultConfigurationName = Release;
		};
		3FBD621624D1DA0D009389C0 /* Build configuration list for PBXNativeTarget "PhotoUploader_Firebase" */ = {
			isa = XCConfigurationList;
			buildConfigurations = (
				3FBD621724D1DA0D009389C0 /* Debug */,
				3FBD621824D1DA0D009389C0 /* Release */,
			);
			defaultConfigurationIsVisible = 0;
			defaultConfigurationName = Release;
		};
/* End XCConfigurationList section */
	};
	rootObject = 3FBD61FA24D1D9C8009389C0 /* Project object */;
}
